// !$*UTF8*$!
{
	archiveVersion = 1;
	classes = {
	};
	objectVersion = 48;
	objects = {

/* Begin PBXBuildFile section */
		2915DBC44D195DF411BFE916 /* Pods_ios.framework in Frameworks */ = {isa = PBXBuildFile; fileRef = 4211C1E46E853202518A29BF /* Pods_ios.framework */; };
		6348376F1FF9756A00DFFA55 /* dopplTests.txt in Resources */ = {isa = PBXBuildFile; fileRef = 6348376E1FF9756900DFFA55 /* dopplTests.txt */; };
		63A4FD301FF9521800C8F907 /* AppDelegate.swift in Sources */ = {isa = PBXBuildFile; fileRef = 63A4FD2F1FF9521800C8F907 /* AppDelegate.swift */; };
		63A4FD321FF9521800C8F907 /* ViewController.swift in Sources */ = {isa = PBXBuildFile; fileRef = 63A4FD311FF9521800C8F907 /* ViewController.swift */; };
		63A4FD351FF9521800C8F907 /* Main.storyboard in Resources */ = {isa = PBXBuildFile; fileRef = 63A4FD331FF9521800C8F907 /* Main.storyboard */; };
		63A4FD371FF9521800C8F907 /* Assets.xcassets in Resources */ = {isa = PBXBuildFile; fileRef = 63A4FD361FF9521800C8F907 /* Assets.xcassets */; };
		63A4FD3A1FF9521800C8F907 /* LaunchScreen.storyboard in Resources */ = {isa = PBXBuildFile; fileRef = 63A4FD381FF9521800C8F907 /* LaunchScreen.storyboard */; };
		63A4FD451FF9521800C8F907 /* iosTests.swift in Sources */ = {isa = PBXBuildFile; fileRef = 63A4FD441FF9521800C8F907 /* iosTests.swift */; };
/* End PBXBuildFile section */

/* Begin PBXContainerItemProxy section */
		63A4FD411FF9521800C8F907 /* PBXContainerItemProxy */ = {
			isa = PBXContainerItemProxy;
			containerPortal = 63A4FD241FF9521700C8F907 /* Project object */;
			proxyType = 1;
			remoteGlobalIDString = 63A4FD2B1FF9521700C8F907;
			remoteInfo = ios;
		};
/* End PBXContainerItemProxy section */

/* Begin PBXFileReference section */
		4211C1E46E853202518A29BF /* Pods_ios.framework */ = {isa = PBXFileReference; explicitFileType = wrapper.framework; includeInIndex = 0; path = Pods_ios.framework; sourceTree = BUILT_PRODUCTS_DIR; };
		6348376E1FF9756900DFFA55 /* dopplTests.txt */ = {isa = PBXFileReference; fileEncoding = 4; lastKnownFileType = text; name = dopplTests.txt; path = ../../build/dopplTests.txt; sourceTree = "<group>"; };
		63A4FD2C1FF9521800C8F907 /* ios.app */ = {isa = PBXFileReference; explicitFileType = wrapper.application; includeInIndex = 0; path = ios.app; sourceTree = BUILT_PRODUCTS_DIR; };
		63A4FD2F1FF9521800C8F907 /* AppDelegate.swift */ = {isa = PBXFileReference; lastKnownFileType = sourcecode.swift; path = AppDelegate.swift; sourceTree = "<group>"; };
		63A4FD311FF9521800C8F907 /* ViewController.swift */ = {isa = PBXFileReference; lastKnownFileType = sourcecode.swift; path = ViewController.swift; sourceTree = "<group>"; };
		63A4FD341FF9521800C8F907 /* Base */ = {isa = PBXFileReference; lastKnownFileType = file.storyboard; name = Base; path = Base.lproj/Main.storyboard; sourceTree = "<group>"; };
		63A4FD361FF9521800C8F907 /* Assets.xcassets */ = {isa = PBXFileReference; lastKnownFileType = folder.assetcatalog; path = Assets.xcassets; sourceTree = "<group>"; };
		63A4FD391FF9521800C8F907 /* Base */ = {isa = PBXFileReference; lastKnownFileType = file.storyboard; name = Base; path = Base.lproj/LaunchScreen.storyboard; sourceTree = "<group>"; };
		63A4FD3B1FF9521800C8F907 /* Info.plist */ = {isa = PBXFileReference; lastKnownFileType = text.plist.xml; path = Info.plist; sourceTree = "<group>"; };
		63A4FD401FF9521800C8F907 /* iosTests.xctest */ = {isa = PBXFileReference; explicitFileType = wrapper.cfbundle; includeInIndex = 0; path = iosTests.xctest; sourceTree = BUILT_PRODUCTS_DIR; };
		63A4FD441FF9521800C8F907 /* iosTests.swift */ = {isa = PBXFileReference; lastKnownFileType = sourcecode.swift; path = iosTests.swift; sourceTree = "<group>"; };
		63A4FD461FF9521800C8F907 /* Info.plist */ = {isa = PBXFileReference; lastKnownFileType = text.plist.xml; path = Info.plist; sourceTree = "<group>"; };
		B3926CC9DC06525E80A3EC10 /* Pods-ios.debug.xcconfig */ = {isa = PBXFileReference; includeInIndex = 1; lastKnownFileType = text.xcconfig; name = "Pods-ios.debug.xcconfig"; path = "Pods/Target Support Files/Pods-ios/Pods-ios.debug.xcconfig"; sourceTree = "<group>"; };
		ED4721D95CDC483D43E8CA8E /* Pods-ios.release.xcconfig */ = {isa = PBXFileReference; includeInIndex = 1; lastKnownFileType = text.xcconfig; name = "Pods-ios.release.xcconfig"; path = "Pods/Target Support Files/Pods-ios/Pods-ios.release.xcconfig"; sourceTree = "<group>"; };
/* End PBXFileReference section */

/* Begin PBXFrameworksBuildPhase section */
		63A4FD291FF9521700C8F907 /* Frameworks */ = {
			isa = PBXFrameworksBuildPhase;
			buildActionMask = 2147483647;
			files = (
				2915DBC44D195DF411BFE916 /* Pods_ios.framework in Frameworks */,
			);
			runOnlyForDeploymentPostprocessing = 0;
		};
		63A4FD3D1FF9521800C8F907 /* Frameworks */ = {
			isa = PBXFrameworksBuildPhase;
			buildActionMask = 2147483647;
			files = (
			);
			runOnlyForDeploymentPostprocessing = 0;
		};
/* End PBXFrameworksBuildPhase section */

/* Begin PBXGroup section */
		63A4FD231FF9521700C8F907 = {
			isa = PBXGroup;
			children = (
				63A4FD2E1FF9521800C8F907 /* ios */,
				63A4FD431FF9521800C8F907 /* iosTests */,
				63A4FD2D1FF9521800C8F907 /* Products */,
				65A7B6BBFF6B8D722F75E5E8 /* Pods */,
				AC5D18DC5A537FD928010FD7 /* Frameworks */,
			);
			sourceTree = "<group>";
		};
		63A4FD2D1FF9521800C8F907 /* Products */ = {
			isa = PBXGroup;
			children = (
				63A4FD2C1FF9521800C8F907 /* ios.app */,
				63A4FD401FF9521800C8F907 /* iosTests.xctest */,
			);
			name = Products;
			sourceTree = "<group>";
		};
		63A4FD2E1FF9521800C8F907 /* ios */ = {
			isa = PBXGroup;
			children = (
				63A4FD2F1FF9521800C8F907 /* AppDelegate.swift */,
				63A4FD311FF9521800C8F907 /* ViewController.swift */,
				6348376E1FF9756900DFFA55 /* dopplTests.txt */,
				63A4FD331FF9521800C8F907 /* Main.storyboard */,
				63A4FD361FF9521800C8F907 /* Assets.xcassets */,
				63A4FD381FF9521800C8F907 /* LaunchScreen.storyboard */,
				63A4FD3B1FF9521800C8F907 /* Info.plist */,
			);
			path = ios;
			sourceTree = "<group>";
		};
		63A4FD431FF9521800C8F907 /* iosTests */ = {
			isa = PBXGroup;
			children = (
				63A4FD441FF9521800C8F907 /* iosTests.swift */,
				63A4FD461FF9521800C8F907 /* Info.plist */,
			);
			path = iosTests;
			sourceTree = "<group>";
		};
		65A7B6BBFF6B8D722F75E5E8 /* Pods */ = {
			isa = PBXGroup;
			children = (
				B3926CC9DC06525E80A3EC10 /* Pods-ios.debug.xcconfig */,
				ED4721D95CDC483D43E8CA8E /* Pods-ios.release.xcconfig */,
			);
			name = Pods;
			sourceTree = "<group>";
		};
		AC5D18DC5A537FD928010FD7 /* Frameworks */ = {
			isa = PBXGroup;
			children = (
				4211C1E46E853202518A29BF /* Pods_ios.framework */,
			);
			name = Frameworks;
			sourceTree = "<group>";
		};
/* End PBXGroup section */

/* Begin PBXNativeTarget section */
		63A4FD2B1FF9521700C8F907 /* ios */ = {
			isa = PBXNativeTarget;
			buildConfigurationList = 63A4FD491FF9521800C8F907 /* Build configuration list for PBXNativeTarget "ios" */;
			buildPhases = (
				2CD01B0880988519328EB380 /* [CP] Check Pods Manifest.lock */,
				63A4FD281FF9521700C8F907 /* Sources */,
				63A4FD291FF9521700C8F907 /* Frameworks */,
				63A4FD2A1FF9521700C8F907 /* Resources */,
				574CE096CB2DBCD82C79CB8C /* [CP] Embed Pods Frameworks */,
				98ECB83720915C952CCC16B8 /* [CP] Copy Pods Resources */,
			);
			buildRules = (
			);
			dependencies = (
			);
			name = ios;
			productName = ios;
			productReference = 63A4FD2C1FF9521800C8F907 /* ios.app */;
			productType = "com.apple.product-type.application";
		};
		63A4FD3F1FF9521800C8F907 /* iosTests */ = {
			isa = PBXNativeTarget;
			buildConfigurationList = 63A4FD4C1FF9521800C8F907 /* Build configuration list for PBXNativeTarget "iosTests" */;
			buildPhases = (
				63A4FD3C1FF9521800C8F907 /* Sources */,
				63A4FD3D1FF9521800C8F907 /* Frameworks */,
				63A4FD3E1FF9521800C8F907 /* Resources */,
			);
			buildRules = (
			);
			dependencies = (
				63A4FD421FF9521800C8F907 /* PBXTargetDependency */,
			);
			name = iosTests;
			productName = iosTests;
			productReference = 63A4FD401FF9521800C8F907 /* iosTests.xctest */;
			productType = "com.apple.product-type.bundle.unit-test";
		};
/* End PBXNativeTarget section */

/* Begin PBXProject section */
		63A4FD241FF9521700C8F907 /* Project object */ = {
			isa = PBXProject;
			attributes = {
				LastSwiftUpdateCheck = 0920;
				LastUpgradeCheck = 0920;
				ORGANIZATIONNAME = doppl;
				TargetAttributes = {
					63A4FD2B1FF9521700C8F907 = {
						CreatedOnToolsVersion = 9.2;
						ProvisioningStyle = Automatic;
					};
					63A4FD3F1FF9521800C8F907 = {
						CreatedOnToolsVersion = 9.2;
						ProvisioningStyle = Automatic;
						TestTargetID = 63A4FD2B1FF9521700C8F907;
					};
				};
			};
			buildConfigurationList = 63A4FD271FF9521700C8F907 /* Build configuration list for PBXProject "ios" */;
			compatibilityVersion = "Xcode 8.0";
			developmentRegion = en;
			hasScannedForEncodings = 0;
			knownRegions = (
				en,
				Base,
			);
			mainGroup = 63A4FD231FF9521700C8F907;
			productRefGroup = 63A4FD2D1FF9521800C8F907 /* Products */;
			projectDirPath = "";
			projectRoot = "";
			targets = (
				63A4FD2B1FF9521700C8F907 /* ios */,
				63A4FD3F1FF9521800C8F907 /* iosTests */,
			);
		};
/* End PBXProject section */

/* Begin PBXResourcesBuildPhase section */
		63A4FD2A1FF9521700C8F907 /* Resources */ = {
			isa = PBXResourcesBuildPhase;
			buildActionMask = 2147483647;
			files = (
				63A4FD3A1FF9521800C8F907 /* LaunchScreen.storyboard in Resources */,
				63A4FD371FF9521800C8F907 /* Assets.xcassets in Resources */,
				6348376F1FF9756A00DFFA55 /* dopplTests.txt in Resources */,
				63A4FD351FF9521800C8F907 /* Main.storyboard in Resources */,
			);
			runOnlyForDeploymentPostprocessing = 0;
		};
		63A4FD3E1FF9521800C8F907 /* Resources */ = {
			isa = PBXResourcesBuildPhase;
			buildActionMask = 2147483647;
			files = (
			);
			runOnlyForDeploymentPostprocessing = 0;
		};
/* End PBXResourcesBuildPhase section */

/* Begin PBXShellScriptBuildPhase section */
		2CD01B0880988519328EB380 /* [CP] Check Pods Manifest.lock */ = {
			isa = PBXShellScriptBuildPhase;
			buildActionMask = 2147483647;
			files = (
			);
			inputPaths = (
				"${PODS_PODFILE_DIR_PATH}/Podfile.lock",
				"${PODS_ROOT}/Manifest.lock",
			);
			name = "[CP] Check Pods Manifest.lock";
			outputPaths = (
				"$(DERIVED_FILE_DIR)/Pods-ios-checkManifestLockResult.txt",
			);
			runOnlyForDeploymentPostprocessing = 0;
			shellPath = /bin/sh;
			shellScript = "diff \"${PODS_PODFILE_DIR_PATH}/Podfile.lock\" \"${PODS_ROOT}/Manifest.lock\" > /dev/null\nif [ $? != 0 ] ; then\n    # print error to STDERR\n    echo \"error: The sandbox is not in sync with the Podfile.lock. Run 'pod install' or update your CocoaPods installation.\" >&2\n    exit 1\nfi\n# This output is used by Xcode 'outputs' to avoid re-running this script phase.\necho \"SUCCESS\" > \"${SCRIPT_OUTPUT_FILE_0}\"\n";
			showEnvVarsInLog = 0;
		};
		574CE096CB2DBCD82C79CB8C /* [CP] Embed Pods Frameworks */ = {
			isa = PBXShellScriptBuildPhase;
			buildActionMask = 2147483647;
			files = (
			);
			inputPaths = (
				"${SRCROOT}/Pods/Target Support Files/Pods-ios/Pods-ios-frameworks.sh",
				"${BUILT_PRODUCTS_DIR}/testdoppllib/testdoppllib.framework",
			);
			name = "[CP] Embed Pods Frameworks";
			outputPaths = (
				"${TARGET_BUILD_DIR}/${FRAMEWORKS_FOLDER_PATH}/testdoppllib.framework",
			);
			runOnlyForDeploymentPostprocessing = 0;
			shellPath = /bin/sh;
			shellScript = "\"${SRCROOT}/Pods/Target Support Files/Pods-ios/Pods-ios-frameworks.sh\"\n";
			showEnvVarsInLog = 0;
		};
		98ECB83720915C952CCC16B8 /* [CP] Copy Pods Resources */ = {
			isa = PBXShellScriptBuildPhase;
			buildActionMask = 2147483647;
			files = (
			);
			inputPaths = (
			);
			name = "[CP] Copy Pods Resources";
			outputPaths = (
			);
			runOnlyForDeploymentPostprocessing = 0;
			shellPath = /bin/sh;
			shellScript = "\"${SRCROOT}/Pods/Target Support Files/Pods-ios/Pods-ios-resources.sh\"\n";
			showEnvVarsInLog = 0;
		};
/* End PBXShellScriptBuildPhase section */

/* Begin PBXSourcesBuildPhase section */
		63A4FD281FF9521700C8F907 /* Sources */ = {
			isa = PBXSourcesBuildPhase;
			buildActionMask = 2147483647;
			files = (
				63A4FD321FF9521800C8F907 /* ViewController.swift in Sources */,
				63A4FD301FF9521800C8F907 /* AppDelegate.swift in Sources */,
			);
			runOnlyForDeploymentPostprocessing = 0;
		};
		63A4FD3C1FF9521800C8F907 /* Sources */ = {
			isa = PBXSourcesBuildPhase;
			buildActionMask = 2147483647;
			files = (
				63A4FD451FF9521800C8F907 /* iosTests.swift in Sources */,
			);
			runOnlyForDeploymentPostprocessing = 0;
		};
/* End PBXSourcesBuildPhase section */

/* Begin PBXTargetDependency section */
		63A4FD421FF9521800C8F907 /* PBXTargetDependency */ = {
			isa = PBXTargetDependency;
			target = 63A4FD2B1FF9521700C8F907 /* ios */;
			targetProxy = 63A4FD411FF9521800C8F907 /* PBXContainerItemProxy */;
		};
/* End PBXTargetDependency section */

/* Begin PBXVariantGroup section */
		63A4FD331FF9521800C8F907 /* Main.storyboard */ = {
			isa = PBXVariantGroup;
			children = (
				63A4FD341FF9521800C8F907 /* Base */,
			);
			name = Main.storyboard;
			sourceTree = "<group>";
		};
		63A4FD381FF9521800C8F907 /* LaunchScreen.storyboard */ = {
			isa = PBXVariantGroup;
			children = (
				63A4FD391FF9521800C8F907 /* Base */,
			);
			name = LaunchScreen.storyboard;
			sourceTree = "<group>";
		};
/* End PBXVariantGroup section */

/* Begin XCBuildConfiguration section */
		63A4FD471FF9521800C8F907 /* Debug */ = {
			isa = XCBuildConfiguration;
			buildSettings = {
				ALWAYS_SEARCH_USER_PATHS = NO;
				CLANG_ANALYZER_NONNULL = YES;
				CLANG_ANALYZER_NUMBER_OBJECT_CONVERSION = YES_AGGRESSIVE;
				CLANG_CXX_LANGUAGE_STANDARD = "gnu++14";
				CLANG_CXX_LIBRARY = "libc++";
				CLANG_ENABLE_MODULES = YES;
				CLANG_ENABLE_OBJC_ARC = YES;
				CLANG_WARN_BLOCK_CAPTURE_AUTORELEASING = YES;
				CLANG_WARN_BOOL_CONVERSION = YES;
				CLANG_WARN_COMMA = YES;
				CLANG_WARN_CONSTANT_CONVERSION = YES;
				CLANG_WARN_DIRECT_OBJC_ISA_USAGE = YES_ERROR;
				CLANG_WARN_DOCUMENTATION_COMMENTS = YES;
				CLANG_WARN_EMPTY_BODY = YES;
				CLANG_WARN_ENUM_CONVERSION = YES;
				CLANG_WARN_INFINITE_RECURSION = YES;
				CLANG_WARN_INT_CONVERSION = YES;
				CLANG_WARN_NON_LITERAL_NULL_CONVERSION = YES;
				CLANG_WARN_OBJC_LITERAL_CONVERSION = YES;
				CLANG_WARN_OBJC_ROOT_CLASS = YES_ERROR;
				CLANG_WARN_RANGE_LOOP_ANALYSIS = YES;
				CLANG_WARN_STRICT_PROTOTYPES = YES;
				CLANG_WARN_SUSPICIOUS_MOVE = YES;
				CLANG_WARN_UNGUARDED_AVAILABILITY = YES_AGGRESSIVE;
				CLANG_WARN_UNREACHABLE_CODE = YES;
				CLANG_WARN__DUPLICATE_METHOD_MATCH = YES;
				CODE_SIGN_IDENTITY = "iPhone Developer";
				COPY_PHASE_STRIP = NO;
				DEBUG_INFORMATION_FORMAT = dwarf;
				ENABLE_STRICT_OBJC_MSGSEND = YES;
				ENABLE_TESTABILITY = YES;
				GCC_C_LANGUAGE_STANDARD = gnu11;
				GCC_DYNAMIC_NO_PIC = NO;
				GCC_NO_COMMON_BLOCKS = YES;
				GCC_OPTIMIZATION_LEVEL = 0;
				GCC_PREPROCESSOR_DEFINITIONS = (
					"DEBUG=1",
					"$(inherited)",
				);
				GCC_WARN_64_TO_32_BIT_CONVERSION = YES;
				GCC_WARN_ABOUT_RETURN_TYPE = YES_ERROR;
				GCC_WARN_UNDECLARED_SELECTOR = YES;
				GCC_WARN_UNINITIALIZED_AUTOS = YES_AGGRESSIVE;
				GCC_WARN_UNUSED_FUNCTION = YES;
				GCC_WARN_UNUSED_VARIABLE = YES;
				IPHONEOS_DEPLOYMENT_TARGET = 11.2;
				MTL_ENABLE_DEBUG_INFO = YES;
				ONLY_ACTIVE_ARCH = YES;
				SDKROOT = iphoneos;
				SWIFT_ACTIVE_COMPILATION_CONDITIONS = DEBUG;
				SWIFT_OPTIMIZATION_LEVEL = "-Onone";
			};
			name = Debug;
		};
		63A4FD481FF9521800C8F907 /* Release */ = {
			isa = XCBuildConfiguration;
			buildSettings = {
				ALWAYS_SEARCH_USER_PATHS = NO;
				CLANG_ANALYZER_NONNULL = YES;
				CLANG_ANALYZER_NUMBER_OBJECT_CONVERSION = YES_AGGRESSIVE;
				CLANG_CXX_LANGUAGE_STANDARD = "gnu++14";
				CLANG_CXX_LIBRARY = "libc++";
				CLANG_ENABLE_MODULES = YES;
				CLANG_ENABLE_OBJC_ARC = YES;
				CLANG_WARN_BLOCK_CAPTURE_AUTORELEASING = YES;
				CLANG_WARN_BOOL_CONVERSION = YES;
				CLANG_WARN_COMMA = YES;
				CLANG_WARN_CONSTANT_CONVERSION = YES;
				CLANG_WARN_DIRECT_OBJC_ISA_USAGE = YES_ERROR;
				CLANG_WARN_DOCUMENTATION_COMMENTS = YES;
				CLANG_WARN_EMPTY_BODY = YES;
				CLANG_WARN_ENUM_CONVERSION = YES;
				CLANG_WARN_INFINITE_RECURSION = YES;
				CLANG_WARN_INT_CONVERSION = YES;
				CLANG_WARN_NON_LITERAL_NULL_CONVERSION = YES;
				CLANG_WARN_OBJC_LITERAL_CONVERSION = YES;
				CLANG_WARN_OBJC_ROOT_CLASS = YES_ERROR;
				CLANG_WARN_RANGE_LOOP_ANALYSIS = YES;
				CLANG_WARN_STRICT_PROTOTYPES = YES;
				CLANG_WARN_SUSPICIOUS_MOVE = YES;
				CLANG_WARN_UNGUARDED_AVAILABILITY = YES_AGGRESSIVE;
				CLANG_WARN_UNREACHABLE_CODE = YES;
				CLANG_WARN__DUPLICATE_METHOD_MATCH = YES;
				CODE_SIGN_IDENTITY = "iPhone Developer";
				COPY_PHASE_STRIP = NO;
				DEBUG_INFORMATION_FORMAT = "dwarf-with-dsym";
				ENABLE_NS_ASSERTIONS = NO;
				ENABLE_STRICT_OBJC_MSGSEND = YES;
				GCC_C_LANGUAGE_STANDARD = gnu11;
				GCC_NO_COMMON_BLOCKS = YES;
				GCC_WARN_64_TO_32_BIT_CONVERSION = YES;
				GCC_WARN_ABOUT_RETURN_TYPE = YES_ERROR;
				GCC_WARN_UNDECLARED_SELECTOR = YES;
				GCC_WARN_UNINITIALIZED_AUTOS = YES_AGGRESSIVE;
				GCC_WARN_UNUSED_FUNCTION = YES;
				GCC_WARN_UNUSED_VARIABLE = YES;
				IPHONEOS_DEPLOYMENT_TARGET = 11.2;
				MTL_ENABLE_DEBUG_INFO = NO;
				SDKROOT = iphoneos;
				SWIFT_OPTIMIZATION_LEVEL = "-Owholemodule";
				VALIDATE_PRODUCT = YES;
			};
			name = Release;
		};
		63A4FD4A1FF9521800C8F907 /* Debug */ = {
			isa = XCBuildConfiguration;
			baseConfigurationReference = B3926CC9DC06525E80A3EC10 /* Pods-ios.debug.xcconfig */;
			buildSettings = {
				ASSETCATALOG_COMPILER_APPICON_NAME = AppIcon;
				CODE_SIGN_STYLE = Automatic;
				INFOPLIST_FILE = ios/Info.plist;
				LD_RUNPATH_SEARCH_PATHS = "$(inherited) @executable_path/Frameworks";
				PRODUCT_BUNDLE_IDENTIFIER = doppl.ios;
				PRODUCT_NAME = "$(TARGET_NAME)";
				SWIFT_VERSION = 4.0;
				TARGETED_DEVICE_FAMILY = "1,2";
			};
			name = Debug;
		};
		63A4FD4B1FF9521800C8F907 /* Release */ = {
			isa = XCBuildConfiguration;
			baseConfigurationReference = ED4721D95CDC483D43E8CA8E /* Pods-ios.release.xcconfig */;
			buildSettings = {
				ASSETCATALOG_COMPILER_APPICON_NAME = AppIcon;
				CODE_SIGN_STYLE = Automatic;
				INFOPLIST_FILE = ios/Info.plist;
				LD_RUNPATH_SEARCH_PATHS = "$(inherited) @executable_path/Frameworks";
				PRODUCT_BUNDLE_IDENTIFIER = doppl.ios;
				PRODUCT_NAME = "$(TARGET_NAME)";
				SWIFT_VERSION = 4.0;
				TARGETED_DEVICE_FAMILY = "1,2";
			};
			name = Release;
		};
		63A4FD4D1FF9521800C8F907 /* Debug */ = {
			isa = XCBuildConfiguration;
			buildSettings = {
				ALWAYS_EMBED_SWIFT_STANDARD_LIBRARIES = YES;
				BUNDLE_LOADER = "$(TEST_HOST)";
				CODE_SIGN_STYLE = Automatic;
				INFOPLIST_FILE = iosTests/Info.plist;
				LD_RUNPATH_SEARCH_PATHS = "$(inherited) @executable_path/Frameworks @loader_path/Frameworks";
				PRODUCT_BUNDLE_IDENTIFIER = doppl.iosTests;
				PRODUCT_NAME = "$(TARGET_NAME)";
				SWIFT_VERSION = 4.0;
				TARGETED_DEVICE_FAMILY = "1,2";
				TEST_HOST = "$(BUILT_PRODUCTS_DIR)/ios.app/ios";
			};
			name = Debug;
		};
		63A4FD4E1FF9521800C8F907 /* Release */ = {
			isa = XCBuildConfiguration;
			buildSettings = {
				ALWAYS_EMBED_SWIFT_STANDARD_LIBRARIES = YES;
				BUNDLE_LOADER = "$(TEST_HOST)";
				CODE_SIGN_STYLE = Automatic;
				INFOPLIST_FILE = iosTests/Info.plist;
				LD_RUNPATH_SEARCH_PATHS = "$(inherited) @executable_path/Frameworks @loader_path/Frameworks";
				PRODUCT_BUNDLE_IDENTIFIER = doppl.iosTests;
				PRODUCT_NAME = "$(TARGET_NAME)";
				SWIFT_VERSION = 4.0;
				TARGETED_DEVICE_FAMILY = "1,2";
				TEST_HOST = "$(BUILT_PRODUCTS_DIR)/ios.app/ios";
			};
			name = Release;
		};
/* End XCBuildConfiguration section */

/* Begin XCConfigurationList section */
		63A4FD271FF9521700C8F907 /* Build configuration list for PBXProject "ios" */ = {
			isa = XCConfigurationList;
			buildConfigurations = (
				63A4FD471FF9521800C8F907 /* Debug */,
				63A4FD481FF9521800C8F907 /* Release */,
			);
			defaultConfigurationIsVisible = 0;
			defaultConfigurationName = Release;
		};
		63A4FD491FF9521800C8F907 /* Build configuration list for PBXNativeTarget "ios" */ = {
			isa = XCConfigurationList;
			buildConfigurations = (
				63A4FD4A1FF9521800C8F907 /* Debug */,
				63A4FD4B1FF9521800C8F907 /* Release */,
			);
			defaultConfigurationIsVisible = 0;
			defaultConfigurationName = Release;
		};
		63A4FD4C1FF9521800C8F907 /* Build configuration list for PBXNativeTarget "iosTests" */ = {
			isa = XCConfigurationList;
			buildConfigurations = (
				63A4FD4D1FF9521800C8F907 /* Debug */,
				63A4FD4E1FF9521800C8F907 /* Release */,
			);
			defaultConfigurationIsVisible = 0;
			defaultConfigurationName = Release;
		};
/* End XCConfigurationList section */
	};
	rootObject = 63A4FD241FF9521700C8F907 /* Project object */;
}
